<?xml version="1.0" encoding="utf-8"?>
<Project ToolsVersion="4.0" xmlns="http://schemas.microsoft.com/developer/msbuild/2003">
  <ItemGroup>
    <Filter Include="Source Files">
      <UniqueIdentifier>{4FC737F1-C7A5-4376-A066-2A32D752A2FF}</UniqueIdentifier>
      <Extensions>cpp;c;cc;cxx;c++;cppm;ixx;def;odl;idl;hpj;bat;asm;asmx</Extensions>
    </Filter>
    <Filter Include="Header Files">
      <UniqueIdentifier>{93995380-89BD-4b04-88EB-625FBE52EBFB}</UniqueIdentifier>
      <Extensions>h;hh;hpp;hxx;h++;hm;inl;inc;ipp;xsd</Extensions>
    </Filter>
    <Filter Include="Resource Files">
      <UniqueIdentifier>{67DA6AB6-F800-4c08-8B7A-83BB121AAD01}</UniqueIdentifier>
      <Extensions>rc;ico;cur;bmp;dlg;rc2;rct;bin;rgs;gif;jpg;jpeg;jpe;resx;tiff;tif;png;wav;mfcribbon-ms</Extensions>
    </Filter>
  </ItemGroup>
  <ItemGroup>
    <ClCompile Include="OthelloView.cpp">
      <Filter>Source Files</Filter>
    </ClCompile>
    <ClCompile Include="OthelloPyView.cpp">
      <Filter>Source Files</Filter>
    </ClCompile>
    <ClCompile Include="OthelloMove.cpp">
      <Filter>Source Files</Filter>
    </ClCompile>
    <ClCompile Include="OthelloDlg.cpp">
      <Filter>Source Files</Filter>
    </ClCompile>
    <ClCompile Include="OthelloBoard.cpp">
      <Filter>Source Files</Filter>
    </ClCompile>
    <ClCompile Include="Dialog.cpp">
      <Filter>Source Files</Filter>
    </ClCompile>
    <ClCompile Include="Class.cpp">
      <Filter>Source Files</Filter>
    </ClCompile>
    <ClCompile Include="CheckersView.cpp">
      <Filter>Source Files</Filter>
    </ClCompile>
    <ClCompile Include="CheckersPyView.cpp">
      <Filter>Source Files</Filter>
    </ClCompile>
    <ClCompile Include="CheckersMove.cpp">
      <Filter>Source Files</Filter>
    </ClCompile>
    <ClCompile Include="CheckersDlg.cpp">
      <Filter>Source Files</Filter>
    </ClCompile>
    <ClCompile Include="CheckersBoard.cpp">
      <Filter>Source Files</Filter>
    </ClCompile>
    <ClCompile Include="C4Pop10View.cpp">
      <Filter>Source Files</Filter>
    </ClCompile>
    <ClCompile Include="C4Pop10PyView.cpp">
      <Filter>Source Files</Filter>
    </ClCompile>
    <ClCompile Include="C4Pop10Move.cpp">
      <Filter>Source Files</Filter>
    </ClCompile>
    <ClCompile Include="C4Pop10Dlg.cpp">
      <Filter>Source Files</Filter>
    </ClCompile>
    <ClCompile Include="BoardTestAPI.cpp">
      <Filter>Source Files</Filter>
    </ClCompile>
    <ClCompile Include="C4Pop10Board.cpp">
      <Filter>Source Files</Filter>
    </ClCompile>
    <ClCompile Include="Board.cpp">
      <Filter>Source Files</Filter>
    </ClCompile>
  </ItemGroup>
  <ItemGroup>
    <ClInclude Include="OthelloView.h">
      <Filter>Header Files</Filter>
    </ClInclude>
    <ClInclude Include="View.h">
      <Filter>Header Files</Filter>
    </ClInclude>
    <ClInclude Include="OthelloPyView.h">
      <Filter>Header Files</Filter>
    </ClInclude>
    <ClInclude Include="OthelloMove.h">
      <Filter>Header Files</Filter>
    </ClInclude>
    <ClInclude Include="OthelloBoard.h">
      <Filter>Header Files</Filter>
    </ClInclude>
    <ClInclude Include="OthelloDlg.h">
      <Filter>Header Files</Filter>
    </ClInclude>
    <ClInclude Include="Dialog.h">
      <Filter>Header Files</Filter>
    </ClInclude>
    <ClInclude Include="MyLib.h">
      <Filter>Header Files</Filter>
    </ClInclude>
    <ClInclude Include="Class.h">
      <Filter>Header Files</Filter>
    </ClInclude>
    <ClInclude Include="CheckersView.h">
      <Filter>Header Files</Filter>
    </ClInclude>
    <ClInclude Include="CheckersMove.h">
      <Filter>Header Files</Filter>
    </ClInclude>
    <ClInclude Include="CheckersPyView.h">
      <Filter>Header Files</Filter>
    </ClInclude>
    <ClInclude Include="CheckersDlg.h">
      <Filter>Header Files</Filter>
    </ClInclude>
    <ClInclude Include="CheckersBoard.h">
      <Filter>Header Files</Filter>
    </ClInclude>
    <ClInclude Include="C4Pop10View.h">
      <Filter>Header Files</Filter>
    </ClInclude>
    <ClInclude Include="C4Pop10PyView.h">
      <Filter>Header Files</Filter>
    </ClInclude>
    <ClInclude Include="C4Pop10Move.h">
      <Filter>Header Files</Filter>
    </ClInclude>
    <ClInclude Include="C4Pop10Dlg.h">
      <Filter>Header Files</Filter>
    </ClInclude>
    <ClInclude Include="C4Pop10Board.h">
      <Filter>Header Files</Filter>
    </ClInclude>
    <ClInclude Include="BoardTestAPI.h">
      <Filter>Header Files</Filter>
    </ClInclude>
    <ClInclude Include="Board.h">
      <Filter>Header Files</Filter>
    </ClInclude>
    <ClInclude Include="BasicKey.h">
      <Filter>Header Files</Filter>
    </ClInclude>
  </ItemGroup>
</Project>